
Microsoft Visual Studio Solution File, Format Version 12.00
# Visual Studio Version 17
VisualStudioVersion = 17.5.002.0
MinimumVisualStudioVersion = 10.0.40219.1
Project("{9A19103F-16F7-4668-BE54-9A1E7A4F7556}") = "dotNetManipulandoValores", "dotNetManipulandoValores.csproj", "{197D6389-7913-45B3-A433-24E982BD7767}"
EndProject
Global
	GlobalSection(SolutionConfigurationPlatforms) = preSolution
		Debug|Any CPU = Debug|Any CPU
		Release|Any CPU = Release|Any CPU
	EndGlobalSection
	GlobalSection(ProjectConfigurationPlatforms) = postSolution
		{197D6389-7913-45B3-A433-24E982BD7767}.Debug|Any CPU.ActiveCfg = Debug|Any CPU
		{197D6389-7913-45B3-A433-24E982BD7767}.Debug|Any CPU.Build.0 = Debug|Any CPU
		{197D6389-7913-45B3-A433-24E982BD7767}.Release|Any CPU.ActiveCfg = Release|Any CPU
		{197D6389-7913-45B3-A433-24E982BD7767}.Release|Any CPU.Build.0 = Release|Any CPU
	EndGlobalSection
	GlobalSection(SolutionProperties) = preSolution
		HideSolutionNode = FALSE
	EndGlobalSection
	GlobalSection(ExtensibilityGlobals) = postSolution
		SolutionGuid = {963DA5D1-AF4D-4A13-898E-0911B8490CB1}
	EndGlobalSection
EndGlobal
